// !$*UTF8*$!
{
	archiveVersion = 1;
	classes = {
	};
	objectVersion = 56;
	objects = {

/* Begin PBXBuildFile section */
		01A6F3EF2BC6728200591E50 /* AppDelegate.swift in Sources */ = {isa = PBXBuildFile; fileRef = 01A6F3EE2BC6728200591E50 /* AppDelegate.swift */; };
		01A6F3F12BC6728200591E50 /* SceneDelegate.swift in Sources */ = {isa = PBXBuildFile; fileRef = 01A6F3F02BC6728200591E50 /* SceneDelegate.swift */; };
		01A6F3F32BC6728200591E50 /* ViewController.swift in Sources */ = {isa = PBXBuildFile; fileRef = 01A6F3F22BC6728200591E50 /* ViewController.swift */; };
		01A6F3F82BC6728300591E50 /* Assets.xcassets in Resources */ = {isa = PBXBuildFile; fileRef = 01A6F3F72BC6728300591E50 /* Assets.xcassets */; };
		01A6F3FB2BC6728300591E50 /* LaunchScreen.storyboard in Resources */ = {isa = PBXBuildFile; fileRef = 01A6F3F92BC6728300591E50 /* LaunchScreen.storyboard */; };
		01A6F4032BC6731300591E50 /* mockDataVC.swift in Sources */ = {isa = PBXBuildFile; fileRef = 01A6F4022BC6731300591E50 /* mockDataVC.swift */; };
		01A6F4072BC6AE5100591E50 /* ProfileViewController.swift in Sources */ = {isa = PBXBuildFile; fileRef = 01A6F4062BC6AE5100591E50 /* ProfileViewController.swift */; };
		01A6F4092BC6AE5F00591E50 /* ProfileMockData.swift in Sources */ = {isa = PBXBuildFile; fileRef = 01A6F4082BC6AE5F00591E50 /* ProfileMockData.swift */; };
/* End PBXBuildFile section */

/* Begin PBXFileReference section */
		01A6F3EB2BC6728200591E50 /* DZ_5_main.app */ = {isa = PBXFileReference; explicitFileType = wrapper.application; includeInIndex = 0; path = DZ_5_main.app; sourceTree = BUILT_PRODUCTS_DIR; };
		01A6F3EE2BC6728200591E50 /* AppDelegate.swift */ = {isa = PBXFileReference; lastKnownFileType = sourcecode.swift; path = AppDelegate.swift; sourceTree = "<group>"; };
		01A6F3F02BC6728200591E50 /* SceneDelegate.swift */ = {isa = PBXFileReference; lastKnownFileType = sourcecode.swift; path = SceneDelegate.swift; sourceTree = "<group>"; };
		01A6F3F22BC6728200591E50 /* ViewController.swift */ = {isa = PBXFileReference; lastKnownFileType = sourcecode.swift; path = ViewController.swift; sourceTree = "<group>"; };
		01A6F3F72BC6728300591E50 /* Assets.xcassets */ = {isa = PBXFileReference; lastKnownFileType = folder.assetcatalog; path = Assets.xcassets; sourceTree = "<group>"; };
		01A6F3FA2BC6728300591E50 /* Base */ = {isa = PBXFileReference; lastKnownFileType = file.storyboard; name = Base; path = Base.lproj/LaunchScreen.storyboard; sourceTree = "<group>"; };
		01A6F3FC2BC6728300591E50 /* Info.plist */ = {isa = PBXFileReference; lastKnownFileType = text.plist.xml; path = Info.plist; sourceTree = "<group>"; };
		01A6F4022BC6731300591E50 /* mockDataVC.swift */ = {isa = PBXFileReference; lastKnownFileType = sourcecode.swift; path = mockDataVC.swift; sourceTree = "<group>"; };
		01A6F4062BC6AE5100591E50 /* ProfileViewController.swift */ = {isa = PBXFileReference; lastKnownFileType = sourcecode.swift; path = ProfileViewController.swift; sourceTree = "<group>"; };
		01A6F4082BC6AE5F00591E50 /* ProfileMockData.swift */ = {isa = PBXFileReference; lastKnownFileType = sourcecode.swift; path = ProfileMockData.swift; sourceTree = "<group>"; };
/* End PBXFileReference section */

/* Begin PBXFrameworksBuildPhase section */
		01A6F3E82BC6728200591E50 /* Frameworks */ = {
			isa = PBXFrameworksBuildPhase;
			buildActionMask = 2147483647;
			files = (
			);
			runOnlyForDeploymentPostprocessing = 0;
		};
/* End PBXFrameworksBuildPhase section */

/* Begin PBXGroup section */
		01A6F3E22BC6728200591E50 = {
			isa = PBXGroup;
			children = (
				01A6F3ED2BC6728200591E50 /* DZ_5_main */,
				01A6F3EC2BC6728200591E50 /* Products */,
			);
			sourceTree = "<group>";
		};
		01A6F3EC2BC6728200591E50 /* Products */ = {
			isa = PBXGroup;
			children = (
				01A6F3EB2BC6728200591E50 /* DZ_5_main.app */,
			);
			name = Products;
			sourceTree = "<group>";
		};
		01A6F3ED2BC6728200591E50 /* DZ_5_main */ = {
			isa = PBXGroup;
			children = (
				01A6F4052BC6AE2700591E50 /* ProfileScreenViewConriller */,
				01A6F4042BC6731A00591E50 /* MainScreen */,
				01A6F3EE2BC6728200591E50 /* AppDelegate.swift */,
				01A6F3F02BC6728200591E50 /* SceneDelegate.swift */,
				01A6F3F72BC6728300591E50 /* Assets.xcassets */,
				01A6F3F92BC6728300591E50 /* LaunchScreen.storyboard */,
				01A6F3FC2BC6728300591E50 /* Info.plist */,
			);
			path = DZ_5_main;
			sourceTree = "<group>";
		};
		01A6F4042BC6731A00591E50 /* MainScreen */ = {
			isa = PBXGroup;
			children = (
				01A6F4022BC6731300591E50 /* mockDataVC.swift */,
				01A6F3F22BC6728200591E50 /* ViewController.swift */,
			);
			path = MainScreen;
			sourceTree = "<group>";
		};
		01A6F4052BC6AE2700591E50 /* ProfileScreenViewConriller */ = {
			isa = PBXGroup;
			children = (
				01A6F4062BC6AE5100591E50 /* ProfileViewController.swift */,
				01A6F4082BC6AE5F00591E50 /* ProfileMockData.swift */,
			);
			path = ProfileScreenViewConriller;
			sourceTree = "<group>";
		};
/* End PBXGroup section */

/* Begin PBXNativeTarget section */
		01A6F3EA2BC6728200591E50 /* DZ_5_main */ = {
			isa = PBXNativeTarget;
			buildConfigurationList = 01A6F3FF2BC6728300591E50 /* Build configuration list for PBXNativeTarget "DZ_5_main" */;
			buildPhases = (
				01A6F3E72BC6728200591E50 /* Sources */,
				01A6F3E82BC6728200591E50 /* Frameworks */,
				01A6F3E92BC6728200591E50 /* Resources */,
			);
			buildRules = (
			);
			dependencies = (
			);
			name = DZ_5_main;
			productName = DZ_5_main;
			productReference = 01A6F3EB2BC6728200591E50 /* DZ_5_main.app */;
			productType = "com.apple.product-type.application";
		};
/* End PBXNativeTarget section */

/* Begin PBXProject section */
		01A6F3E32BC6728200591E50 /* Project object */ = {
			isa = PBXProject;
			attributes = {
				BuildIndependentTargetsInParallel = 1;
				LastSwiftUpdateCheck = 1510;
				LastUpgradeCheck = 1510;
				TargetAttributes = {
					01A6F3EA2BC6728200591E50 = {
						CreatedOnToolsVersion = 15.1;
					};
				};
			};
			buildConfigurationList = 01A6F3E62BC6728200591E50 /* Build configuration list for PBXProject "DZ_5_main" */;
			compatibilityVersion = "Xcode 14.0";
			developmentRegion = en;
			hasScannedForEncodings = 0;
			knownRegions = (
				en,
				Base,
			);
			mainGroup = 01A6F3E22BC6728200591E50;
			productRefGroup = 01A6F3EC2BC6728200591E50 /* Products */;
			projectDirPath = "";
			projectRoot = "";
			targets = (
				01A6F3EA2BC6728200591E50 /* DZ_5_main */,
			);
		};
/* End PBXProject section */

/* Begin PBXResourcesBuildPhase section */
		01A6F3E92BC6728200591E50 /* Resources */ = {
			isa = PBXResourcesBuildPhase;
			buildActionMask = 2147483647;
			files = (
				01A6F3FB2BC6728300591E50 /* LaunchScreen.storyboard in Resources */,
				01A6F3F82BC6728300591E50 /* Assets.xcassets in Resources */,
			);
			runOnlyForDeploymentPostprocessing = 0;
		};
/* End PBXResourcesBuildPhase section */

/* Begin PBXSourcesBuildPhase section */
		01A6F3E72BC6728200591E50 /* Sources */ = {
			isa = PBXSourcesBuildPhase;
			buildActionMask = 2147483647;
			files = (
				01A6F4032BC6731300591E50 /* mockDataVC.swift in Sources */,
				01A6F3F32BC6728200591E50 /* ViewController.swift in Sources */,
				01A6F4072BC6AE5100591E50 /* ProfileViewController.swift in Sources */,
				01A6F3EF2BC6728200591E50 /* AppDelegate.swift in Sources */,
				01A6F3F12BC6728200591E50 /* SceneDelegate.swift in Sources */,
				01A6F4092BC6AE5F00591E50 /* ProfileMockData.swift in Sources */,
			);
			runOnlyForDeploymentPostprocessing = 0;
		};
/* End PBXSourcesBuildPhase section */

/* Begin PBXVariantGroup section */
		01A6F3F92BC6728300591E50 /* LaunchScreen.storyboard */ = {
			isa = PBXVariantGroup;
			children = (
				01A6F3FA2BC6728300591E50 /* Base */,
			);
			name = LaunchScreen.storyboard;
			sourceTree = "<group>";
		};
/* End PBXVariantGroup section */

/* Begin XCBuildConfiguration section */
		01A6F3FD2BC6728300591E50 /* Debug */ = {
			isa = XCBuildConfiguration;
			buildSettings = {
				ALWAYS_SEARCH_USER_PATHS = NO;
				ASSETCATALOG_COMPILER_GENERATE_SWIFT_ASSET_SYMBOL_EXTENSIONS = YES;
				CLANG_ANALYZER_NONNULL = YES;
				CLANG_ANALYZER_NUMBER_OBJECT_CONVERSION = YES_AGGRESSIVE;
				CLANG_CXX_LANGUAGE_STANDARD = "gnu++20";
				CLANG_ENABLE_MODULES = YES;
				CLANG_ENABLE_OBJC_ARC = YES;
				CLANG_ENABLE_OBJC_WEAK = YES;
				CLANG_WARN_BLOCK_CAPTURE_AUTORELEASING = YES;
				CLANG_WARN_BOOL_CONVERSION = YES;
				CLANG_WARN_COMMA = YES;
				CLANG_WARN_CONSTANT_CONVERSION = YES;
				CLANG_WARN_DEPRECATED_OBJC_IMPLEMENTATIONS = YES;
				CLANG_WARN_DIRECT_OBJC_ISA_USAGE = YES_ERROR;
				CLANG_WARN_DOCUMENTATION_COMMENTS = YES;
				CLANG_WARN_EMPTY_BODY = YES;
				CLANG_WARN_ENUM_CONVERSION = YES;
				CLANG_WARN_INFINITE_RECURSION = YES;
				CLANG_WARN_INT_CONVERSION = YES;
				CLANG_WARN_NON_LITERAL_NULL_CONVERSION = YES;
				CLANG_WARN_OBJC_IMPLICIT_RETAIN_SELF = YES;
				CLANG_WARN_OBJC_LITERAL_CONVERSION = YES;
				CLANG_WARN_OBJC_ROOT_CLASS = YES_ERROR;
				CLANG_WARN_QUOTED_INCLUDE_IN_FRAMEWORK_HEADER = YES;
				CLANG_WARN_RANGE_LOOP_ANALYSIS = YES;
				CLANG_WARN_STRICT_PROTOTYPES = YES;
				CLANG_WARN_SUSPICIOUS_MOVE = YES;
				CLANG_WARN_UNGUARDED_AVAILABILITY = YES_AGGRESSIVE;
				CLANG_WARN_UNREACHABLE_CODE = YES;
				CLANG_WARN__DUPLICATE_METHOD_MATCH = YES;
				COPY_PHASE_STRIP = NO;
				DEBUG_INFORMATION_FORMAT = dwarf;
				ENABLE_STRICT_OBJC_MSGSEND = YES;
				ENABLE_TESTABILITY = YES;
				ENABLE_USER_SCRIPT_SANDBOXING = YES;
				GCC_C_LANGUAGE_STANDARD = gnu17;
				GCC_DYNAMIC_NO_PIC = NO;
				GCC_NO_COMMON_BLOCKS = YES;
				GCC_OPTIMIZATION_LEVEL = 0;
				GCC_PREPROCESSOR_DEFINITIONS = (
					"DEBUG=1",
					"$(inherited)",
				);
				GCC_WARN_64_TO_32_BIT_CONVERSION = YES;
				GCC_WARN_ABOUT_RETURN_TYPE = YES_ERROR;
				GCC_WARN_UNDECLARED_SELECTOR = YES;
				GCC_WARN_UNINITIALIZED_AUTOS = YES_AGGRESSIVE;
				GCC_WARN_UNUSED_FUNCTION = YES;
				GCC_WARN_UNUSED_VARIABLE = YES;
				IPHONEOS_DEPLOYMENT_TARGET = 17.2;
				LOCALIZATION_PREFERS_STRING_CATALOGS = YES;
				MTL_ENABLE_DEBUG_INFO = INCLUDE_SOURCE;
				MTL_FAST_MATH = YES;
				ONLY_ACTIVE_ARCH = YES;
				SDKROOT = iphoneos;
				SWIFT_ACTIVE_COMPILATION_CONDITIONS = "DEBUG $(inherited)";
				SWIFT_OPTIMIZATION_LEVEL = "-Onone";
			};
			name = Debug;
		};
		01A6F3FE2BC6728300591E50 /* Release */ = {
			isa = XCBuildConfiguration;
			buildSettings = {
				ALWAYS_SEARCH_USER_PATHS = NO;
				ASSETCATALOG_COMPILER_GENERATE_SWIFT_ASSET_SYMBOL_EXTENSIONS = YES;
				CLANG_ANALYZER_NONNULL = YES;
				CLANG_ANALYZER_NUMBER_OBJECT_CONVERSION = YES_AGGRESSIVE;
				CLANG_CXX_LANGUAGE_STANDARD = "gnu++20";
				CLANG_ENABLE_MODULES = YES;
				CLANG_ENABLE_OBJC_ARC = YES;
				CLANG_ENABLE_OBJC_WEAK = YES;
				CLANG_WARN_BLOCK_CAPTURE_AUTORELEASING = YES;
				CLANG_WARN_BOOL_CONVERSION = YES;
				CLANG_WARN_COMMA = YES;
				CLANG_WARN_CONSTANT_CONVERSION = YES;
				CLANG_WARN_DEPRECATED_OBJC_IMPLEMENTATIONS = YES;
				CLANG_WARN_DIRECT_OBJC_ISA_USAGE = YES_ERROR;
				CLANG_WARN_DOCUMENTATION_COMMENTS = YES;
				CLANG_WARN_EMPTY_BODY = YES;
				CLANG_WARN_ENUM_CONVERSION = YES;
				CLANG_WARN_INFINITE_RECURSION = YES;
				CLANG_WARN_INT_CONVERSION = YES;
				CLANG_WARN_NON_LITERAL_NULL_CONVERSION = YES;
				CLANG_WARN_OBJC_IMPLICIT_RETAIN_SELF = YES;
				CLANG_WARN_OBJC_LITERAL_CONVERSION = YES;
				CLANG_WARN_OBJC_ROOT_CLASS = YES_ERROR;
				CLANG_WARN_QUOTED_INCLUDE_IN_FRAMEWORK_HEADER = YES;
				CLANG_WARN_RANGE_LOOP_ANALYSIS = YES;
				CLANG_WARN_STRICT_PROTOTYPES = YES;
				CLANG_WARN_SUSPICIOUS_MOVE = YES;
				CLANG_WARN_UNGUARDED_AVAILABILITY = YES_AGGRESSIVE;
				CLANG_WARN_UNREACHABLE_CODE = YES;
				CLANG_WARN__DUPLICATE_METHOD_MATCH = YES;
				COPY_PHASE_STRIP = NO;
				DEBUG_INFORMATION_FORMAT = "dwarf-with-dsym";
				ENABLE_NS_ASSERTIONS = NO;
				ENABLE_STRICT_OBJC_MSGSEND = YES;
				ENABLE_USER_SCRIPT_SANDBOXING = YES;
				GCC_C_LANGUAGE_STANDARD = gnu17;
				GCC_NO_COMMON_BLOCKS = YES;
				GCC_WARN_64_TO_32_BIT_CONVERSION = YES;
				GCC_WARN_ABOUT_RETURN_TYPE = YES_ERROR;
				GCC_WARN_UNDECLARED_SELECTOR = YES;
				GCC_WARN_UNINITIALIZED_AUTOS = YES_AGGRESSIVE;
				GCC_WARN_UNUSED_FUNCTION = YES;
				GCC_WARN_UNUSED_VARIABLE = YES;
				IPHONEOS_DEPLOYMENT_TARGET = 17.2;
				LOCALIZATION_PREFERS_STRING_CATALOGS = YES;
				MTL_ENABLE_DEBUG_INFO = NO;
				MTL_FAST_MATH = YES;
				SDKROOT = iphoneos;
				SWIFT_COMPILATION_MODE = wholemodule;
				VALIDATE_PRODUCT = YES;
			};
			name = Release;
		};
		01A6F4002BC6728300591E50 /* Debug */ = {
			isa = XCBuildConfiguration;
			buildSettings = {
				ASSETCATALOG_COMPILER_APPICON_NAME = AppIcon;
				ASSETCATALOG_COMPILER_GLOBAL_ACCENT_COLOR_NAME = AccentColor;
				CODE_SIGN_STYLE = Automatic;
				CURRENT_PROJECT_VERSION = 1;
				DEVELOPMENT_TEAM = P5MXWP66K9;
				GENERATE_INFOPLIST_FILE = YES;
				INFOPLIST_FILE = DZ_5_main/Info.plist;
				INFOPLIST_KEY_UIApplicationSupportsIndirectInputEvents = YES;
				INFOPLIST_KEY_UILaunchStoryboardName = LaunchScreen;
				INFOPLIST_KEY_UISupportedInterfaceOrientations_iPad = "UIInterfaceOrientationPortrait UIInterfaceOrientationPortraitUpsideDown UIInterfaceOrientationLandscapeLeft UIInterfaceOrientationLandscapeRight";
				INFOPLIST_KEY_UISupportedInterfaceOrientations_iPhone = "UIInterfaceOrientationPortrait UIInterfaceOrientationLandscapeLeft UIInterfaceOrientationLandscapeRight";
				LD_RUNPATH_SEARCH_PATHS = (
					"$(inherited)",
					"@executable_path/Frameworks",
				);
				MARKETING_VERSION = 1.0;
				PRODUCT_BUNDLE_IDENTIFIER = "com.shipovskiy.DZ-5-main";
				PRODUCT_NAME = "$(TARGET_NAME)";
				SWIFT_EMIT_LOC_STRINGS = YES;
				SWIFT_VERSION = 5.0;
				TARGETED_DEVICE_FAMILY = "1,2";
			};
			name = Debug;
		};
		01A6F4012BC6728300591E50 /* Release */ = {
			isa = XCBuildConfiguration;
			buildSettings = {
				ASSETCATALOG_COMPILER_APPICON_NAME = AppIcon;
				ASSETCATALOG_COMPILER_GLOBAL_ACCENT_COLOR_NAME = AccentColor;
				CODE_SIGN_STYLE = Automatic;
				CURRENT_PROJECT_VERSION = 1;
				DEVELOPMENT_TEAM = P5MXWP66K9;
				GENERATE_INFOPLIST_FILE = YES;
				INFOPLIST_FILE = DZ_5_main/Info.plist;
				INFOPLIST_KEY_UIApplicationSupportsIndirectInputEvents = YES;
				INFOPLIST_KEY_UILaunchStoryboardName = LaunchScreen;
				INFOPLIST_KEY_UISupportedInterfaceOrientations_iPad = "UIInterfaceOrientationPortrait UIInterfaceOrientationPortraitUpsideDown UIInterfaceOrientationLandscapeLeft UIInterfaceOrientationLandscapeRight";
				INFOPLIST_KEY_UISupportedInterfaceOrientations_iPhone = "UIInterfaceOrientationPortrait UIInterfaceOrientationLandscapeLeft UIInterfaceOrientationLandscapeRight";
				LD_RUNPATH_SEARCH_PATHS = (
					"$(inherited)",
					"@executable_path/Frameworks",
				);
				MARKETING_VERSION = 1.0;
				PRODUCT_BUNDLE_IDENTIFIER = "com.shipovskiy.DZ-5-main";
				PRODUCT_NAME = "$(TARGET_NAME)";
				SWIFT_EMIT_LOC_STRINGS = YES;
				SWIFT_VERSION = 5.0;
				TARGETED_DEVICE_FAMILY = "1,2";
			};
			name = Release;
		};
/* End XCBuildConfiguration section */

/* Begin XCConfigurationList section */
		01A6F3E62BC6728200591E50 /* Build configuration list for PBXProject "DZ_5_main" */ = {
			isa = XCConfigurationList;
			buildConfigurations = (
				01A6F3FD2BC6728300591E50 /* Debug */,
				01A6F3FE2BC6728300591E50 /* Release */,
			);
			defaultConfigurationIsVisible = 0;
			defaultConfigurationName = Release;
		};
		01A6F3FF2BC6728300591E50 /* Build configuration list for PBXNativeTarget "DZ_5_main" */ = {
			isa = XCConfigurationList;
			buildConfigurations = (
				01A6F4002BC6728300591E50 /* Debug */,
				01A6F4012BC6728300591E50 /* Release */,
			);
			defaultConfigurationIsVisible = 0;
			defaultConfigurationName = Release;
		};
/* End XCConfigurationList section */
	};
	rootObject = 01A6F3E32BC6728200591E50 /* Project object */;
}
